
Microsoft Visual Studio Solution File, Format Version 12.00
# Visual Studio Version 16
VisualStudioVersion = 16.0.31112.23
MinimumVisualStudioVersion = 10.0.40219.1
Project("{FAE04EC0-301F-11D3-BF4B-00C04F79EFBC}") = "SqlInjectionTest", "SqlInjectionTest.csproj", "{DE7EA84E-0DD9-4E47-A3E1-4BF8D2814218}"
EndProject
Global
	GlobalSection(SolutionConfigurationPlatforms) = preSolution
		Debug|Any CPU = Debug|Any CPU
		Release|Any CPU = Release|Any CPU
	EndGlobalSection
	GlobalSection(ProjectConfigurationPlatforms) = postSolution
		{DE7EA84E-0DD9-4E47-A3E1-4BF8D2814218}.Debug|Any CPU.ActiveCfg = Debug|Any CPU
		{DE7EA84E-0DD9-4E47-A3E1-4BF8D2814218}.Debug|Any CPU.Build.0 = Debug|Any CPU
		{DE7EA84E-0DD9-4E47-A3E1-4BF8D2814218}.Release|Any CPU.ActiveCfg = Release|Any CPU
		{DE7EA84E-0DD9-4E47-A3E1-4BF8D2814218}.Release|Any CPU.Build.0 = Release|Any CPU
	EndGlobalSection
	GlobalSection(SolutionProperties) = preSolution
		HideSolutionNode = FALSE
	EndGlobalSection
	GlobalSection(ExtensibilityGlobals) = postSolution
		SolutionGuid = {F2AA7207-ABA2-41F5-AE97-7F40D6108E83}
	EndGlobalSection
EndGlobal
